
Microsoft Visual Studio Solution File, Format Version 12.00
# Visual Studio 15
VisualStudioVersion = 15.0.26430.12
MinimumVisualStudioVersion = 10.0.40219.1
Project("{FAE04EC0-301F-11D3-BF4B-00C04F79EFBC}") = "TaxiFare", "TaxiFare\TaxiFare.csproj", "{993D5DE8-8AC7-473F-9B3C-4402DA6407A3}"
EndProject
Project("{FAE04EC0-301F-11D3-BF4B-00C04F79EFBC}") = "Watermelon", "Watermelon\Watermelon.csproj", "{833D5167-181F-4095-A765-2FED1A53A0FF}"
EndProject
Project("{FAE04EC0-301F-11D3-BF4B-00C04F79EFBC}") = "FarmersLand", "FarmersLand\FarmersLand.csproj", "{CC292C06-2972-4CC1-BEF1-883FE1180EE2}"
EndProject
Project("{FAE04EC0-301F-11D3-BF4B-00C04F79EFBC}") = "FizzBuzz", "FizzBuzz\FizzBuzz.csproj", "{99A8F7DA-5DC0-40C6-899F-B5B2218B10EE}"
EndProject
Global
	GlobalSection(SolutionConfigurationPlatforms) = preSolution
		Debug|Any CPU = Debug|Any CPU
		Release|Any CPU = Release|Any CPU
	EndGlobalSection
	GlobalSection(ProjectConfigurationPlatforms) = postSolution
		{993D5DE8-8AC7-473F-9B3C-4402DA6407A3}.Debug|Any CPU.ActiveCfg = Debug|Any CPU
		{993D5DE8-8AC7-473F-9B3C-4402DA6407A3}.Debug|Any CPU.Build.0 = Debug|Any CPU
		{993D5DE8-8AC7-473F-9B3C-4402DA6407A3}.Release|Any CPU.ActiveCfg = Release|Any CPU
		{993D5DE8-8AC7-473F-9B3C-4402DA6407A3}.Release|Any CPU.Build.0 = Release|Any CPU
		{833D5167-181F-4095-A765-2FED1A53A0FF}.Debug|Any CPU.ActiveCfg = Debug|Any CPU
		{833D5167-181F-4095-A765-2FED1A53A0FF}.Debug|Any CPU.Build.0 = Debug|Any CPU
		{833D5167-181F-4095-A765-2FED1A53A0FF}.Release|Any CPU.ActiveCfg = Release|Any CPU
		{833D5167-181F-4095-A765-2FED1A53A0FF}.Release|Any CPU.Build.0 = Release|Any CPU
		{CC292C06-2972-4CC1-BEF1-883FE1180EE2}.Debug|Any CPU.ActiveCfg = Debug|Any CPU
		{CC292C06-2972-4CC1-BEF1-883FE1180EE2}.Debug|Any CPU.Build.0 = Debug|Any CPU
		{CC292C06-2972-4CC1-BEF1-883FE1180EE2}.Release|Any CPU.ActiveCfg = Release|Any CPU
		{CC292C06-2972-4CC1-BEF1-883FE1180EE2}.Release|Any CPU.Build.0 = Release|Any CPU
		{99A8F7DA-5DC0-40C6-899F-B5B2218B10EE}.Debug|Any CPU.ActiveCfg = Debug|Any CPU
		{99A8F7DA-5DC0-40C6-899F-B5B2218B10EE}.Debug|Any CPU.Build.0 = Debug|Any CPU
		{99A8F7DA-5DC0-40C6-899F-B5B2218B10EE}.Release|Any CPU.ActiveCfg = Release|Any CPU
		{99A8F7DA-5DC0-40C6-899F-B5B2218B10EE}.Release|Any CPU.Build.0 = Release|Any CPU
	EndGlobalSection
	GlobalSection(SolutionProperties) = preSolution
		HideSolutionNode = FALSE
	EndGlobalSection
EndGlobal
